
Microsoft Visual Studio Solution File, Format Version 12.00
# Visual Studio Version 17
VisualStudioVersion = 17.5.33502.453
MinimumVisualStudioVersion = 10.0.40219.1
Project("{8BC9CEB8-8B4A-11D0-8D11-00A0C91BC942}") = "Aeon", "Aeon\Aeon.vcxproj", "{EDF4E556-E6AB-4859-9552-3583E66315C4}"
EndProject
Project("{8BC9CEB8-8B4A-11D0-8D11-00A0C91BC942}") = "Sandbox", "Sandbox\Sandbox.vcxproj", "{933057BB-F0B7-4FD2-9612-B77581B74346}"
EndProject
Global
	GlobalSection(SolutionConfigurationPlatforms) = preSolution
		Debug|x64 = Debug|x64
		Debug|x86 = Debug|x86
		Release|x64 = Release|x64
		Release|x86 = Release|x86
	EndGlobalSection
	GlobalSection(ProjectConfigurationPlatforms) = postSolution
		{EDF4E556-E6AB-4859-9552-3583E66315C4}.Debug|x64.ActiveCfg = Debug|x64
		{EDF4E556-E6AB-4859-9552-3583E66315C4}.Debug|x64.Build.0 = Debug|x64
		{EDF4E556-E6AB-4859-9552-3583E66315C4}.Debug|x86.ActiveCfg = Debug|x64
		{EDF4E556-E6AB-4859-9552-3583E66315C4}.Debug|x86.Build.0 = Debug|x64
		{EDF4E556-E6AB-4859-9552-3583E66315C4}.Release|x64.ActiveCfg = Release|x64
		{EDF4E556-E6AB-4859-9552-3583E66315C4}.Release|x64.Build.0 = Release|x64
		{EDF4E556-E6AB-4859-9552-3583E66315C4}.Release|x86.ActiveCfg = Release|x64
		{EDF4E556-E6AB-4859-9552-3583E66315C4}.Release|x86.Build.0 = Release|x64
		{933057BB-F0B7-4FD2-9612-B77581B74346}.Debug|x64.ActiveCfg = Debug|x64
		{933057BB-F0B7-4FD2-9612-B77581B74346}.Debug|x64.Build.0 = Debug|x64
		{933057BB-F0B7-4FD2-9612-B77581B74346}.Debug|x86.ActiveCfg = Debug|x64
		{933057BB-F0B7-4FD2-9612-B77581B74346}.Release|x64.ActiveCfg = Release|x64
		{933057BB-F0B7-4FD2-9612-B77581B74346}.Release|x64.Build.0 = Release|x64
		{933057BB-F0B7-4FD2-9612-B77581B74346}.Release|x86.ActiveCfg = Release|x64
	EndGlobalSection
	GlobalSection(SolutionProperties) = preSolution
		HideSolutionNode = FALSE
	EndGlobalSection
	GlobalSection(ExtensibilityGlobals) = postSolution
		SolutionGuid = {1351E000-DAC0-4127-BEE9-A8304F99E057}
	EndGlobalSection
EndGlobal
